Microsoft Visual Studio Solution File, Format Version 12.00
# Visual Studio Version 17
VisualStudioVersion = 17.5.2.0
MinimumVisualStudioVersion = 10.0.40219.1
Project("{FAE04EC0-301F-11D3-BF4B-00C04F79EFBC}") = "Desktop", "Practica\Desktop.csproj", "{21960849-7B97-5B3A-9DC6-D7F3CEBFCD80}"
EndProject
Global
	GlobalSection(SolutionConfigurationPlatforms) = preSolution
		Debug|Any CPU = Debug|Any CPU
		Release|Any CPU = Release|Any CPU
	EndGlobalSection
	GlobalSection(ProjectConfigurationPlatforms) = postSolution
		{21960849-7B97-5B3A-9DC6-D7F3CEBFCD80}.Debug|Any CPU.ActiveCfg = Debug|Any CPU
		{21960849-7B97-5B3A-9DC6-D7F3CEBFCD80}.Debug|Any CPU.Build.0 = Debug|Any CPU
		{21960849-7B97-5B3A-9DC6-D7F3CEBFCD80}.Release|Any CPU.ActiveCfg = Release|Any CPU
		{21960849-7B97-5B3A-9DC6-D7F3CEBFCD80}.Release|Any CPU.Build.0 = Release|Any CPU
	EndGlobalSection
	GlobalSection(SolutionProperties) = preSolution
		HideSolutionNode = FALSE
	EndGlobalSection
	GlobalSection(ExtensibilityGlobals) = postSolution
		SolutionGuid = {3ECCC0C5-5216-47EA-95C8-FD6578102FE2}
	EndGlobalSection
EndGlobal
